
Microsoft Visual Studio Solution File, Format Version 12.00
# Visual Studio Version 17
VisualStudioVersion = 17.9.34728.123
MinimumVisualStudioVersion = 10.0.40219.1
Project("{888888A0-9F3D-457C-B088-3A5042F75D52}") = "code Generate Text python", "code Generate Text python.pyproj", "{24A0B06D-92D0-4101-BB35-34689E6F75F2}"
EndProject
Global
	GlobalSection(SolutionConfigurationPlatforms) = preSolution
		Debug|Any CPU = Debug|Any CPU
		Release|Any CPU = Release|Any CPU
	EndGlobalSection
	GlobalSection(ProjectConfigurationPlatforms) = postSolution
		{24A0B06D-92D0-4101-BB35-34689E6F75F2}.Debug|Any CPU.ActiveCfg = Debug|Any CPU
		{24A0B06D-92D0-4101-BB35-34689E6F75F2}.Release|Any CPU.ActiveCfg = Release|Any CPU
	EndGlobalSection
	GlobalSection(SolutionProperties) = preSolution
		HideSolutionNode = FALSE
	EndGlobalSection
	GlobalSection(ExtensibilityGlobals) = postSolution
		SolutionGuid = {2A89CC22-857D-4112-A965-ADAE230746D8}
	EndGlobalSection
EndGlobal
